
Microsoft Visual Studio Solution File, Format Version 11.00
# Visual Studio 2010
Project("{FAE04EC0-301F-11D3-BF4B-00C04F79EFBC}") = "NoiseShader", "Assembly-CSharp.csproj", "{70F5CEB5-AC53-0FEE-A905-DA6E31E202A6}"
EndProject
Project("{FAE04EC0-301F-11D3-BF4B-00C04F79EFBC}") = "NoiseShader", "Assembly-CSharp-Editor.csproj", "{E134ECF9-ACEC-3E06-9F66-9F0AE97C18EC}"
EndProject
Global
	GlobalSection(SolutionConfigurationPlatforms) = preSolution
		Debug|Any CPU = Debug|Any CPU
		Release|Any CPU = Release|Any CPU
	EndGlobalSection
	GlobalSection(ProjectConfigurationPlatforms) = postSolution
		{70F5CEB5-AC53-0FEE-A905-DA6E31E202A6}.Debug|Any CPU.ActiveCfg = Debug|Any CPU
		{70F5CEB5-AC53-0FEE-A905-DA6E31E202A6}.Debug|Any CPU.Build.0 = Debug|Any CPU
		{70F5CEB5-AC53-0FEE-A905-DA6E31E202A6}.Release|Any CPU.ActiveCfg = Release|Any CPU
		{70F5CEB5-AC53-0FEE-A905-DA6E31E202A6}.Release|Any CPU.Build.0 = Release|Any CPU
		{E134ECF9-ACEC-3E06-9F66-9F0AE97C18EC}.Debug|Any CPU.ActiveCfg = Debug|Any CPU
		{E134ECF9-ACEC-3E06-9F66-9F0AE97C18EC}.Debug|Any CPU.Build.0 = Debug|Any CPU
		{E134ECF9-ACEC-3E06-9F66-9F0AE97C18EC}.Release|Any CPU.ActiveCfg = Release|Any CPU
		{E134ECF9-ACEC-3E06-9F66-9F0AE97C18EC}.Release|Any CPU.Build.0 = Release|Any CPU
	EndGlobalSection
	GlobalSection(SolutionProperties) = preSolution
		HideSolutionNode = FALSE
	EndGlobalSection
	GlobalSection(MonoDevelopProperties) = preSolution
		StartupItem = Assembly-CSharp.csproj
	EndGlobalSection
EndGlobal
